
Microsoft Visual Studio Solution File, Format Version 12.00
# Visual Studio Version 17
VisualStudioVersion = 17.8.34330.188
MinimumVisualStudioVersion = 10.0.40219.1
Project("{8BC9CEB8-8B4A-11D0-8D11-00A0C91BC942}") = "hw4", "hw4\hw4.vcxproj", "{C1EFB31B-5033-4C4B-9EBC-3966C2B44397}"
EndProject
Global
	GlobalSection(SolutionConfigurationPlatforms) = preSolution
		Debug|x64 = Debug|x64
		Debug|x86 = Debug|x86
		Release|x64 = Release|x64
		Release|x86 = Release|x86
	EndGlobalSection
	GlobalSection(ProjectConfigurationPlatforms) = postSolution
		{C1EFB31B-5033-4C4B-9EBC-3966C2B44397}.Debug|x64.ActiveCfg = Debug|x64
		{C1EFB31B-5033-4C4B-9EBC-3966C2B44397}.Debug|x64.Build.0 = Debug|x64
		{C1EFB31B-5033-4C4B-9EBC-3966C2B44397}.Debug|x86.ActiveCfg = Debug|Win32
		{C1EFB31B-5033-4C4B-9EBC-3966C2B44397}.Debug|x86.Build.0 = Debug|Win32
		{C1EFB31B-5033-4C4B-9EBC-3966C2B44397}.Release|x64.ActiveCfg = Release|x64
		{C1EFB31B-5033-4C4B-9EBC-3966C2B44397}.Release|x64.Build.0 = Release|x64
		{C1EFB31B-5033-4C4B-9EBC-3966C2B44397}.Release|x86.ActiveCfg = Release|Win32
		{C1EFB31B-5033-4C4B-9EBC-3966C2B44397}.Release|x86.Build.0 = Release|Win32
	EndGlobalSection
	GlobalSection(SolutionProperties) = preSolution
		HideSolutionNode = FALSE
	EndGlobalSection
	GlobalSection(ExtensibilityGlobals) = postSolution
		SolutionGuid = {D34F112F-8B6C-4993-ADB2-E420CB7D8A5A}
	EndGlobalSection
EndGlobal
