
Microsoft Visual Studio Solution File, Format Version 12.00
# Visual Studio Version 17
VisualStudioVersion = 17.8.34330.188
MinimumVisualStudioVersion = 10.0.40219.1
Project("{8BC9CEB8-8B4A-11D0-8D11-00A0C91BC942}") = "logic_error", "logic_error\logic_error.vcxproj", "{C3350D63-A9C9-4A7F-9748-D223DB944258}"
EndProject
Global
	GlobalSection(SolutionConfigurationPlatforms) = preSolution
		Debug|x64 = Debug|x64
		Debug|x86 = Debug|x86
		Release|x64 = Release|x64
		Release|x86 = Release|x86
	EndGlobalSection
	GlobalSection(ProjectConfigurationPlatforms) = postSolution
		{C3350D63-A9C9-4A7F-9748-D223DB944258}.Debug|x64.ActiveCfg = Debug|x64
		{C3350D63-A9C9-4A7F-9748-D223DB944258}.Debug|x64.Build.0 = Debug|x64
		{C3350D63-A9C9-4A7F-9748-D223DB944258}.Debug|x86.ActiveCfg = Debug|Win32
		{C3350D63-A9C9-4A7F-9748-D223DB944258}.Debug|x86.Build.0 = Debug|Win32
		{C3350D63-A9C9-4A7F-9748-D223DB944258}.Release|x64.ActiveCfg = Release|x64
		{C3350D63-A9C9-4A7F-9748-D223DB944258}.Release|x64.Build.0 = Release|x64
		{C3350D63-A9C9-4A7F-9748-D223DB944258}.Release|x86.ActiveCfg = Release|Win32
		{C3350D63-A9C9-4A7F-9748-D223DB944258}.Release|x86.Build.0 = Release|Win32
	EndGlobalSection
	GlobalSection(SolutionProperties) = preSolution
		HideSolutionNode = FALSE
	EndGlobalSection
	GlobalSection(ExtensibilityGlobals) = postSolution
		SolutionGuid = {B12B9173-C1E8-4E13-A170-F0C92C04F7BE}
	EndGlobalSection
EndGlobal
